// !$*UTF8*$!
{
	archiveVersion = 1;
	classes = {
	};
	objectVersion = 46;
	objects = {

/* Begin PBXBuildFile section */
		2657DBD21D11416000121CA4 /* placeHolderImage.png in Resources */ = {isa = PBXBuildFile; fileRef = 2657DBD11D11416000121CA4 /* placeHolderImage.png */; };
		268893A11D0E50BB005F2EE5 /* main.m in Sources */ = {isa = PBXBuildFile; fileRef = 268893A01D0E50BB005F2EE5 /* main.m */; };
		268893A41D0E50BB005F2EE5 /* AppDelegate.m in Sources */ = {isa = PBXBuildFile; fileRef = 268893A31D0E50BB005F2EE5 /* AppDelegate.m */; };
		268893A71D0E50BB005F2EE5 /* ViewController.m in Sources */ = {isa = PBXBuildFile; fileRef = 268893A61D0E50BB005F2EE5 /* ViewController.m */; };
		268893AA1D0E50BB005F2EE5 /* Main.storyboard in Resources */ = {isa = PBXBuildFile; fileRef = 268893A81D0E50BB005F2EE5 /* Main.storyboard */; };
		268893AC1D0E50BB005F2EE5 /* Assets.xcassets in Resources */ = {isa = PBXBuildFile; fileRef = 268893AB1D0E50BB005F2EE5 /* Assets.xcassets */; };
		268893AF1D0E50BB005F2EE5 /* LaunchScreen.storyboard in Resources */ = {isa = PBXBuildFile; fileRef = 268893AD1D0E50BB005F2EE5 /* LaunchScreen.storyboard */; };
		268893BA1D0E50BB005F2EE5 /* BannerViewTests.m in Sources */ = {isa = PBXBuildFile; fileRef = 268893B91D0E50BB005F2EE5 /* BannerViewTests.m */; };
		268893C51D0E50BB005F2EE5 /* BannerViewUITests.m in Sources */ = {isa = PBXBuildFile; fileRef = 268893C41D0E50BB005F2EE5 /* BannerViewUITests.m */; };
		268893D51D0E5217005F2EE5 /* YQBannerView.m in Sources */ = {isa = PBXBuildFile; fileRef = 268893D41D0E5217005F2EE5 /* YQBannerView.m */; };
		268893D81D0E6501005F2EE5 /* YQBannerViewFlowLayout.m in Sources */ = {isa = PBXBuildFile; fileRef = 268893D71D0E6501005F2EE5 /* YQBannerViewFlowLayout.m */; };
		268893DE1D0E662A005F2EE5 /* YQBannerViewCell.m in Sources */ = {isa = PBXBuildFile; fileRef = 268893DD1D0E662A005F2EE5 /* YQBannerViewCell.m */; };
		268893E31D0E7258005F2EE5 /* 3.jpg in Resources */ = {isa = PBXBuildFile; fileRef = 268893DF1D0E7258005F2EE5 /* 3.jpg */; };
		268893E41D0E7258005F2EE5 /* 2.jpg in Resources */ = {isa = PBXBuildFile; fileRef = 268893E01D0E7258005F2EE5 /* 2.jpg */; };
		268893E51D0E7258005F2EE5 /* 1.jpg in Resources */ = {isa = PBXBuildFile; fileRef = 268893E11D0E7258005F2EE5 /* 1.jpg */; };
		268893E61D0E7258005F2EE5 /* 4.jpg in Resources */ = {isa = PBXBuildFile; fileRef = 268893E21D0E7258005F2EE5 /* 4.jpg */; };
		268893EA1D0EAB57005F2EE5 /* 5.jpg in Resources */ = {isa = PBXBuildFile; fileRef = 268893E71D0EAB57005F2EE5 /* 5.jpg */; };
		268893EC1D0EAB57005F2EE5 /* 7.jpg in Resources */ = {isa = PBXBuildFile; fileRef = 268893E91D0EAB57005F2EE5 /* 7.jpg */; };
		268893EE1D0EABBC005F2EE5 /* 6.jpg in Resources */ = {isa = PBXBuildFile; fileRef = 268893ED1D0EABBC005F2EE5 /* 6.jpg */; };
		D420C1ACEEC4D259843CCDFB /* libPods-BannerView.a in Frameworks */ = {isa = PBXBuildFile; fileRef = 572EFBB5A0CBF8E5DD8C61DF /* libPods-BannerView.a */; };
/* End PBXBuildFile section */

/* Begin PBXContainerItemProxy section */
		268893B61D0E50BB005F2EE5 /* PBXContainerItemProxy */ = {
			isa = PBXContainerItemProxy;
			containerPortal = 268893941D0E50BB005F2EE5 /* Project object */;
			proxyType = 1;
			remoteGlobalIDString = 2688939B1D0E50BB005F2EE5;
			remoteInfo = BannerView;
		};
		268893C11D0E50BB005F2EE5 /* PBXContainerItemProxy */ = {
			isa = PBXContainerItemProxy;
			containerPortal = 268893941D0E50BB005F2EE5 /* Project object */;
			proxyType = 1;
			remoteGlobalIDString = 2688939B1D0E50BB005F2EE5;
			remoteInfo = BannerView;
		};
/* End PBXContainerItemProxy section */

/* Begin PBXFileReference section */
		2657DBD11D11416000121CA4 /* placeHolderImage.png */ = {isa = PBXFileReference; lastKnownFileType = image.png; path = placeHolderImage.png; sourceTree = "<group>"; };
		2688939C1D0E50BB005F2EE5 /* BannerView.app */ = {isa = PBXFileReference; explicitFileType = wrapper.application; includeInIndex = 0; path = BannerView.app; sourceTree = BUILT_PRODUCTS_DIR; };
		268893A01D0E50BB005F2EE5 /* main.m */ = {isa = PBXFileReference; lastKnownFileType = sourcecode.c.objc; path = main.m; sourceTree = "<group>"; };
		268893A21D0E50BB005F2EE5 /* AppDelegate.h */ = {isa = PBXFileReference; lastKnownFileType = sourcecode.c.h; path = AppDelegate.h; sourceTree = "<group>"; };
		268893A31D0E50BB005F2EE5 /* AppDelegate.m */ = {isa = PBXFileReference; lastKnownFileType = sourcecode.c.objc; path = AppDelegate.m; sourceTree = "<group>"; };
		268893A51D0E50BB005F2EE5 /* ViewController.h */ = {isa = PBXFileReference; lastKnownFileType = sourcecode.c.h; path = ViewController.h; sourceTree = "<group>"; };
		268893A61D0E50BB005F2EE5 /* ViewController.m */ = {isa = PBXFileReference; lastKnownFileType = sourcecode.c.objc; path = ViewController.m; sourceTree = "<group>"; };
		268893A91D0E50BB005F2EE5 /* Base */ = {isa = PBXFileReference; lastKnownFileType = file.storyboard; name = Base; path = Base.lproj/Main.storyboard; sourceTree = "<group>"; };
		268893AB1D0E50BB005F2EE5 /* Assets.xcassets */ = {isa = PBXFileReference; lastKnownFileType = folder.assetcatalog; path = Assets.xcassets; sourceTree = "<group>"; };
		268893AE1D0E50BB005F2EE5 /* Base */ = {isa = PBXFileReference; lastKnownFileType = file.storyboard; name = Base; path = Base.lproj/LaunchScreen.storyboard; sourceTree = "<group>"; };
		268893B01D0E50BB005F2EE5 /* Info.plist */ = {isa = PBXFileReference; lastKnownFileType = text.plist.xml; path = Info.plist; sourceTree = "<group>"; };
		268893B51D0E50BB005F2EE5 /* BannerViewTests.xctest */ = {isa = PBXFileReference; explicitFileType = wrapper.cfbundle; includeInIndex = 0; path = BannerViewTests.xctest; sourceTree = BUILT_PRODUCTS_DIR; };
		268893B91D0E50BB005F2EE5 /* BannerViewTests.m */ = {isa = PBXFileReference; lastKnownFileType = sourcecode.c.objc; path = BannerViewTests.m; sourceTree = "<group>"; };
		268893BB1D0E50BB005F2EE5 /* Info.plist */ = {isa = PBXFileReference; lastKnownFileType = text.plist.xml; path = Info.plist; sourceTree = "<group>"; };
		268893C01D0E50BB005F2EE5 /* BannerViewUITests.xctest */ = {isa = PBXFileReference; explicitFileType = wrapper.cfbundle; includeInIndex = 0; path = BannerViewUITests.xctest; sourceTree = BUILT_PRODUCTS_DIR; };
		268893C41D0E50BB005F2EE5 /* BannerViewUITests.m */ = {isa = PBXFileReference; lastKnownFileType = sourcecode.c.objc; path = BannerViewUITests.m; sourceTree = "<group>"; };
		268893C61D0E50BB005F2EE5 /* Info.plist */ = {isa = PBXFileReference; lastKnownFileType = text.plist.xml; path = Info.plist; sourceTree = "<group>"; };
		268893D31D0E5217005F2EE5 /* YQBannerView.h */ = {isa = PBXFileReference; fileEncoding = 4; lastKnownFileType = sourcecode.c.h; path = YQBannerView.h; sourceTree = "<group>"; };
		268893D41D0E5217005F2EE5 /* YQBannerView.m */ = {isa = PBXFileReference; fileEncoding = 4; lastKnownFileType = sourcecode.c.objc; path = YQBannerView.m; sourceTree = "<group>"; };
		268893D61D0E6501005F2EE5 /* YQBannerViewFlowLayout.h */ = {isa = PBXFileReference; fileEncoding = 4; lastKnownFileType = sourcecode.c.h; path = YQBannerViewFlowLayout.h; sourceTree = "<group>"; };
		268893D71D0E6501005F2EE5 /* YQBannerViewFlowLayout.m */ = {isa = PBXFileReference; fileEncoding = 4; lastKnownFileType = sourcecode.c.objc; path = YQBannerViewFlowLayout.m; sourceTree = "<group>"; };
		268893DC1D0E662A005F2EE5 /* YQBannerViewCell.h */ = {isa = PBXFileReference; fileEncoding = 4; lastKnownFileType = sourcecode.c.h; path = YQBannerViewCell.h; sourceTree = "<group>"; };
		268893DD1D0E662A005F2EE5 /* YQBannerViewCell.m */ = {isa = PBXFileReference; fileEncoding = 4; lastKnownFileType = sourcecode.c.objc; path = YQBannerViewCell.m; sourceTree = "<group>"; };
		268893DF1D0E7258005F2EE5 /* 3.jpg */ = {isa = PBXFileReference; lastKnownFileType = image.jpeg; path = 3.jpg; sourceTree = "<group>"; };
		268893E01D0E7258005F2EE5 /* 2.jpg */ = {isa = PBXFileReference; lastKnownFileType = image.jpeg; path = 2.jpg; sourceTree = "<group>"; };
		268893E11D0E7258005F2EE5 /* 1.jpg */ = {isa = PBXFileReference; lastKnownFileType = image.jpeg; path = 1.jpg; sourceTree = "<group>"; };
		268893E21D0E7258005F2EE5 /* 4.jpg */ = {isa = PBXFileReference; lastKnownFileType = image.jpeg; path = 4.jpg; sourceTree = "<group>"; };
		268893E71D0EAB57005F2EE5 /* 5.jpg */ = {isa = PBXFileReference; lastKnownFileType = image.jpeg; path = 5.jpg; sourceTree = "<group>"; };
		268893E91D0EAB57005F2EE5 /* 7.jpg */ = {isa = PBXFileReference; lastKnownFileType = image.jpeg; path = 7.jpg; sourceTree = "<group>"; };
		268893ED1D0EABBC005F2EE5 /* 6.jpg */ = {isa = PBXFileReference; lastKnownFileType = image.jpeg; path = 6.jpg; sourceTree = "<group>"; };
		3DE4DCB78F52BF1DE13F4413 /* Pods-BannerView.release.xcconfig */ = {isa = PBXFileReference; includeInIndex = 1; lastKnownFileType = text.xcconfig; name = "Pods-BannerView.release.xcconfig"; path = "Pods/Target Support Files/Pods-BannerView/Pods-BannerView.release.xcconfig"; sourceTree = "<group>"; };
		572EFBB5A0CBF8E5DD8C61DF /* libPods-BannerView.a */ = {isa = PBXFileReference; explicitFileType = archive.ar; includeInIndex = 0; path = "libPods-BannerView.a"; sourceTree = BUILT_PRODUCTS_DIR; };
		A4E86AFDEDECBD5C07A5F95B /* Pods-BannerView.debug.xcconfig */ = {isa = PBXFileReference; includeInIndex = 1; lastKnownFileType = text.xcconfig; name = "Pods-BannerView.debug.xcconfig"; path = "Pods/Target Support Files/Pods-BannerView/Pods-BannerView.debug.xcconfig"; sourceTree = "<group>"; };
/* End PBXFileReference section */

/* Begin PBXFrameworksBuildPhase section */
		268893991D0E50BB005F2EE5 /* Frameworks */ = {
			isa = PBXFrameworksBuildPhase;
			buildActionMask = 2147483647;
			files = (
				D420C1ACEEC4D259843CCDFB /* libPods-BannerView.a in Frameworks */,
			);
			runOnlyForDeploymentPostprocessing = 0;
		};
		268893B21D0E50BB005F2EE5 /* Frameworks */ = {
			isa = PBXFrameworksBuildPhase;
			buildActionMask = 2147483647;
			files = (
			);
			runOnlyForDeploymentPostprocessing = 0;
		};
		268893BD1D0E50BB005F2EE5 /* Frameworks */ = {
			isa = PBXFrameworksBuildPhase;
			buildActionMask = 2147483647;
			files = (
			);
			runOnlyForDeploymentPostprocessing = 0;
		};
/* End PBXFrameworksBuildPhase section */

/* Begin PBXGroup section */
		23D38F86EFC077341F459C2F /* Frameworks */ = {
			isa = PBXGroup;
			children = (
				572EFBB5A0CBF8E5DD8C61DF /* libPods-BannerView.a */,
			);
			name = Frameworks;
			sourceTree = "<group>";
		};
		268893931D0E50BB005F2EE5 = {
			isa = PBXGroup;
			children = (
				2688939E1D0E50BB005F2EE5 /* BannerView */,
				268893B81D0E50BB005F2EE5 /* BannerViewTests */,
				268893C31D0E50BB005F2EE5 /* BannerViewUITests */,
				2688939D1D0E50BB005F2EE5 /* Products */,
				CA9CED6BF7052909B355D971 /* Pods */,
				23D38F86EFC077341F459C2F /* Frameworks */,
			);
			sourceTree = "<group>";
		};
		2688939D1D0E50BB005F2EE5 /* Products */ = {
			isa = PBXGroup;
			children = (
				2688939C1D0E50BB005F2EE5 /* BannerView.app */,
				268893B51D0E50BB005F2EE5 /* BannerViewTests.xctest */,
				268893C01D0E50BB005F2EE5 /* BannerViewUITests.xctest */,
			);
			name = Products;
			sourceTree = "<group>";
		};
		2688939E1D0E50BB005F2EE5 /* BannerView */ = {
			isa = PBXGroup;
			children = (
				2657DBD11D11416000121CA4 /* placeHolderImage.png */,
				268893DF1D0E7258005F2EE5 /* 3.jpg */,
				268893E01D0E7258005F2EE5 /* 2.jpg */,
				268893E11D0E7258005F2EE5 /* 1.jpg */,
				268893E21D0E7258005F2EE5 /* 4.jpg */,
				268893ED1D0EABBC005F2EE5 /* 6.jpg */,
				268893E71D0EAB57005F2EE5 /* 5.jpg */,
				268893E91D0EAB57005F2EE5 /* 7.jpg */,
				268893D21D0E5199005F2EE5 /* YQBannerView */,
				268893A21D0E50BB005F2EE5 /* AppDelegate.h */,
				268893A31D0E50BB005F2EE5 /* AppDelegate.m */,
				268893A51D0E50BB005F2EE5 /* ViewController.h */,
				268893A61D0E50BB005F2EE5 /* ViewController.m */,
				268893A81D0E50BB005F2EE5 /* Main.storyboard */,
				268893AB1D0E50BB005F2EE5 /* Assets.xcassets */,
				268893AD1D0E50BB005F2EE5 /* LaunchScreen.storyboard */,
				268893B01D0E50BB005F2EE5 /* Info.plist */,
				2688939F1D0E50BB005F2EE5 /* Supporting Files */,
			);
			path = BannerView;
			sourceTree = "<group>";
		};
		2688939F1D0E50BB005F2EE5 /* Supporting Files */ = {
			isa = PBXGroup;
			children = (
				268893A01D0E50BB005F2EE5 /* main.m */,
			);
			name = "Supporting Files";
			sourceTree = "<group>";
		};
		268893B81D0E50BB005F2EE5 /* BannerViewTests */ = {
			isa = PBXGroup;
			children = (
				268893B91D0E50BB005F2EE5 /* BannerViewTests.m */,
				268893BB1D0E50BB005F2EE5 /* Info.plist */,
			);
			path = BannerViewTests;
			sourceTree = "<group>";
		};
		268893C31D0E50BB005F2EE5 /* BannerViewUITests */ = {
			isa = PBXGroup;
			children = (
				268893C41D0E50BB005F2EE5 /* BannerViewUITests.m */,
				268893C61D0E50BB005F2EE5 /* Info.plist */,
			);
			path = BannerViewUITests;
			sourceTree = "<group>";
		};
		268893D21D0E5199005F2EE5 /* YQBannerView */ = {
			isa = PBXGroup;
			children = (
				268893D31D0E5217005F2EE5 /* YQBannerView.h */,
				268893D41D0E5217005F2EE5 /* YQBannerView.m */,
				268893D61D0E6501005F2EE5 /* YQBannerViewFlowLayout.h */,
				268893D71D0E6501005F2EE5 /* YQBannerViewFlowLayout.m */,
				268893DC1D0E662A005F2EE5 /* YQBannerViewCell.h */,
				268893DD1D0E662A005F2EE5 /* YQBannerViewCell.m */,
			);
			path = YQBannerView;
			sourceTree = "<group>";
		};
		CA9CED6BF7052909B355D971 /* Pods */ = {
			isa = PBXGroup;
			children = (
				A4E86AFDEDECBD5C07A5F95B /* Pods-BannerView.debug.xcconfig */,
				3DE4DCB78F52BF1DE13F4413 /* Pods-BannerView.release.xcconfig */,
			);
			name = Pods;
			sourceTree = "<group>";
		};
/* End PBXGroup section */

/* Begin PBXNativeTarget section */
		2688939B1D0E50BB005F2EE5 /* BannerView */ = {
			isa = PBXNativeTarget;
			buildConfigurationList = 268893C91D0E50BB005F2EE5 /* Build configuration list for PBXNativeTarget "BannerView" */;
			buildPhases = (
				6AFA4A19AB453B5407878732 /* 📦 Check Pods Manifest.lock */,
				268893981D0E50BB005F2EE5 /* Sources */,
				268893991D0E50BB005F2EE5 /* Frameworks */,
				2688939A1D0E50BB005F2EE5 /* Resources */,
				2D3B7A64DC73EC267AD896A0 /* 📦 Embed Pods Frameworks */,
				2BF506A84F23B0E9EEE2183A /* 📦 Copy Pods Resources */,
			);
			buildRules = (
			);
			dependencies = (
			);
			name = BannerView;
			productName = BannerView;
			productReference = 2688939C1D0E50BB005F2EE5 /* BannerView.app */;
			productType = "com.apple.product-type.application";
		};
		268893B41D0E50BB005F2EE5 /* BannerViewTests */ = {
			isa = PBXNativeTarget;
			buildConfigurationList = 268893CC1D0E50BB005F2EE5 /* Build configuration list for PBXNativeTarget "BannerViewTests" */;
			buildPhases = (
				268893B11D0E50BB005F2EE5 /* Sources */,
				268893B21D0E50BB005F2EE5 /* Frameworks */,
				268893B31D0E50BB005F2EE5 /* Resources */,
			);
			buildRules = (
			);
			dependencies = (
				268893B71D0E50BB005F2EE5 /* PBXTargetDependency */,
			);
			name = BannerViewTests;
			productName = BannerViewTests;
			productReference = 268893B51D0E50BB005F2EE5 /* BannerViewTests.xctest */;
			productType = "com.apple.product-type.bundle.unit-test";
		};
		268893BF1D0E50BB005F2EE5 /* BannerViewUITests */ = {
			isa = PBXNativeTarget;
			buildConfigurationList = 268893CF1D0E50BB005F2EE5 /* Build configuration list for PBXNativeTarget "BannerViewUITests" */;
			buildPhases = (
				268893BC1D0E50BB005F2EE5 /* Sources */,
				268893BD1D0E50BB005F2EE5 /* Frameworks */,
				268893BE1D0E50BB005F2EE5 /* Resources */,
			);
			buildRules = (
			);
			dependencies = (
				268893C21D0E50BB005F2EE5 /* PBXTargetDependency */,
			);
			name = BannerViewUITests;
			productName = BannerViewUITests;
			productReference = 268893C01D0E50BB005F2EE5 /* BannerViewUITests.xctest */;
			productType = "com.apple.product-type.bundle.ui-testing";
		};
/* End PBXNativeTarget section */

/* Begin PBXProject section */
		268893941D0E50BB005F2EE5 /* Project object */ = {
			isa = PBXProject;
			attributes = {
				LastUpgradeCheck = 0730;
				ORGANIZATIONNAME = Mopon;
				TargetAttributes = {
					2688939B1D0E50BB005F2EE5 = {
						CreatedOnToolsVersion = 7.3.1;
					};
					268893B41D0E50BB005F2EE5 = {
						CreatedOnToolsVersion = 7.3.1;
						TestTargetID = 2688939B1D0E50BB005F2EE5;
					};
					268893BF1D0E50BB005F2EE5 = {
						CreatedOnToolsVersion = 7.3.1;
						TestTargetID = 2688939B1D0E50BB005F2EE5;
					};
				};
			};
			buildConfigurationList = 268893971D0E50BB005F2EE5 /* Build configuration list for PBXProject "BannerView" */;
			compatibilityVersion = "Xcode 3.2";
			developmentRegion = English;
			hasScannedForEncodings = 0;
			knownRegions = (
				en,
				Base,
			);
			mainGroup = 268893931D0E50BB005F2EE5;
			productRefGroup = 2688939D1D0E50BB005F2EE5 /* Products */;
			projectDirPath = "";
			projectRoot = "";
			targets = (
				2688939B1D0E50BB005F2EE5 /* BannerView */,
				268893B41D0E50BB005F2EE5 /* BannerViewTests */,
				268893BF1D0E50BB005F2EE5 /* BannerViewUITests */,
			);
		};
/* End PBXProject section */

/* Begin PBXResourcesBuildPhase section */
		2688939A1D0E50BB005F2EE5 /* Resources */ = {
			isa = PBXResourcesBuildPhase;
			buildActionMask = 2147483647;
			files = (
				268893AF1D0E50BB005F2EE5 /* LaunchScreen.storyboard in Resources */,
				268893EA1D0EAB57005F2EE5 /* 5.jpg in Resources */,
				268893E61D0E7258005F2EE5 /* 4.jpg in Resources */,
				268893AC1D0E50BB005F2EE5 /* Assets.xcassets in Resources */,
				2657DBD21D11416000121CA4 /* placeHolderImage.png in Resources */,
				268893EE1D0EABBC005F2EE5 /* 6.jpg in Resources */,
				268893E41D0E7258005F2EE5 /* 2.jpg in Resources */,
				268893E51D0E7258005F2EE5 /* 1.jpg in Resources */,
				268893EC1D0EAB57005F2EE5 /* 7.jpg in Resources */,
				268893AA1D0E50BB005F2EE5 /* Main.storyboard in Resources */,
				268893E31D0E7258005F2EE5 /* 3.jpg in Resources */,
			);
			runOnlyForDeploymentPostprocessing = 0;
		};
		268893B31D0E50BB005F2EE5 /* Resources */ = {
			isa = PBXResourcesBuildPhase;
			buildActionMask = 2147483647;
			files = (
			);
			runOnlyForDeploymentPostprocessing = 0;
		};
		268893BE1D0E50BB005F2EE5 /* Resources */ = {
			isa = PBXResourcesBuildPhase;
			buildActionMask = 2147483647;
			files = (
			);
			runOnlyForDeploymentPostprocessing = 0;
		};
/* End PBXResourcesBuildPhase section */

/* Begin PBXShellScriptBuildPhase section */
		2BF506A84F23B0E9EEE2183A /* 📦 Copy Pods Resources */ = {
			isa = PBXShellScriptBuildPhase;
			buildActionMask = 2147483647;
			files = (
			);
			inputPaths = (
			);
			name = "📦 Copy Pods Resources";
			outputPaths = (
			);
			runOnlyForDeploymentPostprocessing = 0;
			shellPath = /bin/sh;
			shellScript = "\"${SRCROOT}/Pods/Target Support Files/Pods-BannerView/Pods-BannerView-resources.sh\"\n";
			showEnvVarsInLog = 0;
		};
		2D3B7A64DC73EC267AD896A0 /* 📦 Embed Pods Frameworks */ = {
			isa = PBXShellScriptBuildPhase;
			buildActionMask = 2147483647;
			files = (
			);
			inputPaths = (
			);
			name = "📦 Embed Pods Frameworks";
			outputPaths = (
			);
			runOnlyForDeploymentPostprocessing = 0;
			shellPath = /bin/sh;
			shellScript = "\"${SRCROOT}/Pods/Target Support Files/Pods-BannerView/Pods-BannerView-frameworks.sh\"\n";
			showEnvVarsInLog = 0;
		};
		6AFA4A19AB453B5407878732 /* 📦 Check Pods Manifest.lock */ = {
			isa = PBXShellScriptBuildPhase;
			buildActionMask = 2147483647;
			files = (
			);
			inputPaths = (
			);
			name = "📦 Check Pods Manifest.lock";
			outputPaths = (
			);
			runOnlyForDeploymentPostprocessing = 0;
			shellPath = /bin/sh;
			shellScript = "diff \"${PODS_ROOT}/../Podfile.lock\" \"${PODS_ROOT}/Manifest.lock\" > /dev/null\nif [[ $? != 0 ]] ; then\n    cat << EOM\nerror: The sandbox is not in sync with the Podfile.lock. Run 'pod install' or update your CocoaPods installation.\nEOM\n    exit 1\nfi\n";
			showEnvVarsInLog = 0;
		};
/* End PBXShellScriptBuildPhase section */

/* Begin PBXSourcesBuildPhase section */
		268893981D0E50BB005F2EE5 /* Sources */ = {
			isa = PBXSourcesBuildPhase;
			buildActionMask = 2147483647;
			files = (
				268893D51D0E5217005F2EE5 /* YQBannerView.m in Sources */,
				268893A71D0E50BB005F2EE5 /* ViewController.m in Sources */,
				268893A41D0E50BB005F2EE5 /* AppDelegate.m in Sources */,
				268893DE1D0E662A005F2EE5 /* YQBannerViewCell.m in Sources */,
				268893D81D0E6501005F2EE5 /* YQBannerViewFlowLayout.m in Sources */,
				268893A11D0E50BB005F2EE5 /* main.m in Sources */,
			);
			runOnlyForDeploymentPostprocessing = 0;
		};
		268893B11D0E50BB005F2EE5 /* Sources */ = {
			isa = PBXSourcesBuildPhase;
			buildActionMask = 2147483647;
			files = (
				268893BA1D0E50BB005F2EE5 /* BannerViewTests.m in Sources */,
			);
			runOnlyForDeploymentPostprocessing = 0;
		};
		268893BC1D0E50BB005F2EE5 /* Sources */ = {
			isa = PBXSourcesBuildPhase;
			buildActionMask = 2147483647;
			files = (
				268893C51D0E50BB005F2EE5 /* BannerViewUITests.m in Sources */,
			);
			runOnlyForDeploymentPostprocessing = 0;
		};
/* End PBXSourcesBuildPhase section */

/* Begin PBXTargetDependency section */
		268893B71D0E50BB005F2EE5 /* PBXTargetDependency */ = {
			isa = PBXTargetDependency;
			target = 2688939B1D0E50BB005F2EE5 /* BannerView */;
			targetProxy = 268893B61D0E50BB005F2EE5 /* PBXContainerItemProxy */;
		};
		268893C21D0E50BB005F2EE5 /* PBXTargetDependency */ = {
			isa = PBXTargetDependency;
			target = 2688939B1D0E50BB005F2EE5 /* BannerView */;
			targetProxy = 268893C11D0E50BB005F2EE5 /* PBXContainerItemProxy */;
		};
/* End PBXTargetDependency section */

/* Begin PBXVariantGroup section */
		268893A81D0E50BB005F2EE5 /* Main.storyboard */ = {
			isa = PBXVariantGroup;
			children = (
				268893A91D0E50BB005F2EE5 /* Base */,
			);
			name = Main.storyboard;
			sourceTree = "<group>";
		};
		268893AD1D0E50BB005F2EE5 /* LaunchScreen.storyboard */ = {
			isa = PBXVariantGroup;
			children = (
				268893AE1D0E50BB005F2EE5 /* Base */,
			);
			name = LaunchScreen.storyboard;
			sourceTree = "<group>";
		};
/* End PBXVariantGroup section */

/* Begin XCBuildConfiguration section */
		268893C71D0E50BB005F2EE5 /* Debug */ = {
			isa = XCBuildConfiguration;
			buildSettings = {
				ALWAYS_SEARCH_USER_PATHS = NO;
				CLANG_ANALYZER_NONNULL = YES;
				CLANG_CXX_LANGUAGE_STANDARD = "gnu++0x";
				CLANG_CXX_LIBRARY = "libc++";
				CLANG_ENABLE_MODULES = YES;
				CLANG_ENABLE_OBJC_ARC = YES;
				CLANG_WARN_BOOL_CONVERSION = YES;
				CLANG_WARN_CONSTANT_CONVERSION = YES;
				CLANG_WARN_DIRECT_OBJC_ISA_USAGE = YES_ERROR;
				CLANG_WARN_EMPTY_BODY = YES;
				CLANG_WARN_ENUM_CONVERSION = YES;
				CLANG_WARN_INT_CONVERSION = YES;
				CLANG_WARN_OBJC_ROOT_CLASS = YES_ERROR;
				CLANG_WARN_UNREACHABLE_CODE = YES;
				CLANG_WARN__DUPLICATE_METHOD_MATCH = YES;
				"CODE_SIGN_IDENTITY[sdk=iphoneos*]" = "iPhone Developer";
				COPY_PHASE_STRIP = NO;
				DEBUG_INFORMATION_FORMAT = dwarf;
				ENABLE_STRICT_OBJC_MSGSEND = YES;
				ENABLE_TESTABILITY = YES;
				GCC_C_LANGUAGE_STANDARD = gnu99;
				GCC_DYNAMIC_NO_PIC = NO;
				GCC_NO_COMMON_BLOCKS = YES;
				GCC_OPTIMIZATION_LEVEL = 0;
				GCC_PREPROCESSOR_DEFINITIONS = (
					"DEBUG=1",
					"$(inherited)",
				);
				GCC_WARN_64_TO_32_BIT_CONVERSION = YES;
				GCC_WARN_ABOUT_RETURN_TYPE = YES_ERROR;
				GCC_WARN_UNDECLARED_SELECTOR = YES;
				GCC_WARN_UNINITIALIZED_AUTOS = YES_AGGRESSIVE;
				GCC_WARN_UNUSED_FUNCTION = YES;
				GCC_WARN_UNUSED_VARIABLE = YES;
				IPHONEOS_DEPLOYMENT_TARGET = 9.3;
				MTL_ENABLE_DEBUG_INFO = YES;
				ONLY_ACTIVE_ARCH = YES;
				SDKROOT = iphoneos;
				TARGETED_DEVICE_FAMILY = "1,2";
			};
			name = Debug;
		};
		268893C81D0E50BB005F2EE5 /* Release */ = {
			isa = XCBuildConfiguration;
			buildSettings = {
				ALWAYS_SEARCH_USER_PATHS = NO;
				CLANG_ANALYZER_NONNULL = YES;
				CLANG_CXX_LANGUAGE_STANDARD = "gnu++0x";
				CLANG_CXX_LIBRARY = "libc++";
				CLANG_ENABLE_MODULES = YES;
				CLANG_ENABLE_OBJC_ARC = YES;
				CLANG_WARN_BOOL_CONVERSION = YES;
				CLANG_WARN_CONSTANT_CONVERSION = YES;
				CLANG_WARN_DIRECT_OBJC_ISA_USAGE = YES_ERROR;
				CLANG_WARN_EMPTY_BODY = YES;
				CLANG_WARN_ENUM_CONVERSION = YES;
				CLANG_WARN_INT_CONVERSION = YES;
				CLANG_WARN_OBJC_ROOT_CLASS = YES_ERROR;
				CLANG_WARN_UNREACHABLE_CODE = YES;
				CLANG_WARN__DUPLICATE_METHOD_MATCH = YES;
				"CODE_SIGN_IDENTITY[sdk=iphoneos*]" = "iPhone Developer";
				COPY_PHASE_STRIP = NO;
				DEBUG_INFORMATION_FORMAT = "dwarf-with-dsym";
				ENABLE_NS_ASSERTIONS = NO;
				ENABLE_STRICT_OBJC_MSGSEND = YES;
				GCC_C_LANGUAGE_STANDARD = gnu99;
				GCC_NO_COMMON_BLOCKS = YES;
				GCC_WARN_64_TO_32_BIT_CONVERSION = YES;
				GCC_WARN_ABOUT_RETURN_TYPE = YES_ERROR;
				GCC_WARN_UNDECLARED_SELECTOR = YES;
				GCC_WARN_UNINITIALIZED_AUTOS = YES_AGGRESSIVE;
				GCC_WARN_UNUSED_FUNCTION = YES;
				GCC_WARN_UNUSED_VARIABLE = YES;
				IPHONEOS_DEPLOYMENT_TARGET = 9.3;
				MTL_ENABLE_DEBUG_INFO = NO;
				SDKROOT = iphoneos;
				TARGETED_DEVICE_FAMILY = "1,2";
				VALIDATE_PRODUCT = YES;
			};
			name = Release;
		};
		268893CA1D0E50BB005F2EE5 /* Debug */ = {
			isa = XCBuildConfiguration;
			baseConfigurationReference = A4E86AFDEDECBD5C07A5F95B /* Pods-BannerView.debug.xcconfig */;
			buildSettings = {
				ASSETCATALOG_COMPILER_APPICON_NAME = AppIcon;
				INFOPLIST_FILE = BannerView/Info.plist;
				LD_RUNPATH_SEARCH_PATHS = "$(inherited) @executable_path/Frameworks";
				PRODUCT_BUNDLE_IDENTIFIER = com.mopon.BannerView;
				PRODUCT_NAME = "$(TARGET_NAME)";
			};
			name = Debug;
		};
		268893CB1D0E50BB005F2EE5 /* Release */ = {
			isa = XCBuildConfiguration;
			baseConfigurationReference = 3DE4DCB78F52BF1DE13F4413 /* Pods-BannerView.release.xcconfig */;
			buildSettings = {
				ASSETCATALOG_COMPILER_APPICON_NAME = AppIcon;
				INFOPLIST_FILE = BannerView/Info.plist;
				LD_RUNPATH_SEARCH_PATHS = "$(inherited) @executable_path/Frameworks";
				PRODUCT_BUNDLE_IDENTIFIER = com.mopon.BannerView;
				PRODUCT_NAME = "$(TARGET_NAME)";
			};
			name = Release;
		};
		268893CD1D0E50BB005F2EE5 /* Debug */ = {
			isa = XCBuildConfiguration;
			buildSettings = {
				BUNDLE_LOADER = "$(TEST_HOST)";
				INFOPLIST_FILE = BannerViewTests/Info.plist;
				LD_RUNPATH_SEARCH_PATHS = "$(inherited) @executable_path/Frameworks @loader_path/Frameworks";
				PRODUCT_BUNDLE_IDENTIFIER = com.mopon.BannerViewTests;
				PRODUCT_NAME = "$(TARGET_NAME)";
				TEST_HOST = "$(BUILT_PRODUCTS_DIR)/BannerView.app/BannerView";
			};
			name = Debug;
		};
		268893CE1D0E50BB005F2EE5 /* Release */ = {
			isa = XCBuildConfiguration;
			buildSettings = {
				BUNDLE_LOADER = "$(TEST_HOST)";
				INFOPLIST_FILE = BannerViewTests/Info.plist;
				LD_RUNPATH_SEARCH_PATHS = "$(inherited) @executable_path/Frameworks @loader_path/Frameworks";
				PRODUCT_BUNDLE_IDENTIFIER = com.mopon.BannerViewTests;
				PRODUCT_NAME = "$(TARGET_NAME)";
				TEST_HOST = "$(BUILT_PRODUCTS_DIR)/BannerView.app/BannerView";
			};
			name = Release;
		};
		268893D01D0E50BB005F2EE5 /* Debug */ = {
			isa = XCBuildConfiguration;
			buildSettings = {
				INFOPLIST_FILE = BannerViewUITests/Info.plist;
				LD_RUNPATH_SEARCH_PATHS = "$(inherited) @executable_path/Frameworks @loader_path/Frameworks";
				PRODUCT_BUNDLE_IDENTIFIER = com.mopon.BannerViewUITests;
				PRODUCT_NAME = "$(TARGET_NAME)";
				TEST_TARGET_NAME = BannerView;
			};
			name = Debug;
		};
		268893D11D0E50BB005F2EE5 /* Release */ = {
			isa = XCBuildConfiguration;
			buildSettings = {
				INFOPLIST_FILE = BannerViewUITests/Info.plist;
				LD_RUNPATH_SEARCH_PATHS = "$(inherited) @executable_path/Frameworks @loader_path/Frameworks";
				PRODUCT_BUNDLE_IDENTIFIER = com.mopon.BannerViewUITests;
				PRODUCT_NAME = "$(TARGET_NAME)";
				TEST_TARGET_NAME = BannerView;
			};
			name = Release;
		};
/* End XCBuildConfiguration section */

/* Begin XCConfigurationList section */
		268893971D0E50BB005F2EE5 /* Build configuration list for PBXProject "BannerView" */ = {
			isa = XCConfigurationList;
			buildConfigurations = (
				268893C71D0E50BB005F2EE5 /* Debug */,
				268893C81D0E50BB005F2EE5 /* Release */,
			);
			defaultConfigurationIsVisible = 0;
			defaultConfigurationName = Release;
		};
		268893C91D0E50BB005F2EE5 /* Build configuration list for PBXNativeTarget "BannerView" */ = {
			isa = XCConfigurationList;
			buildConfigurations = (
				268893CA1D0E50BB005F2EE5 /* Debug */,
				268893CB1D0E50BB005F2EE5 /* Release */,
			);
			defaultConfigurationIsVisible = 0;
			defaultConfigurationName = Release;
		};
		268893CC1D0E50BB005F2EE5 /* Build configuration list for PBXNativeTarget "BannerViewTests" */ = {
			isa = XCConfigurationList;
			buildConfigurations = (
				268893CD1D0E50BB005F2EE5 /* Debug */,
				268893CE1D0E50BB005F2EE5 /* Release */,
			);
			defaultConfigurationIsVisible = 0;
			defaultConfigurationName = Release;
		};
		268893CF1D0E50BB005F2EE5 /* Build configuration list for PBXNativeTarget "BannerViewUITests" */ = {
			isa = XCConfigurationList;
			buildConfigurations = (
				268893D01D0E50BB005F2EE5 /* Debug */,
				268893D11D0E50BB005F2EE5 /* Release */,
			);
			defaultConfigurationIsVisible = 0;
			defaultConfigurationName = Release;
		};
/* End XCConfigurationList section */
	};
	rootObject = 268893941D0E50BB005F2EE5 /* Project object */;
}
